
Microsoft Visual Studio Solution File, Format Version 12.00
# Visual Studio Version 16
VisualStudioVersion = 16.0.30011.22
MinimumVisualStudioVersion = 10.0.40219.1
Project("{9A19103F-16F7-4668-BE54-9A1E7A4F7556}") = "GuessBook.Web", "GuessBook.Web\GuessBook.Web.csproj", "{47125083-D88E-4DA5-9FE2-D099EB17B212}"
EndProject
Project("{9A19103F-16F7-4668-BE54-9A1E7A4F7556}") = "GuessBook.EF", "GuessBook.EF\GuessBook.EF.csproj", "{EE1A2B54-5957-42AC-9A02-4D5D1233E994}"
EndProject
Project("{FAE04EC0-301F-11D3-BF4B-00C04F79EFBC}") = "GuessBook.Business", "GuessBook.Business\GuessBook.Business.csproj", "{148F33BF-F9C6-4F98-8E62-0211D34D7D3B}"
EndProject
Global
	GlobalSection(SolutionConfigurationPlatforms) = preSolution
		Debug|Any CPU = Debug|Any CPU
		Release|Any CPU = Release|Any CPU
	EndGlobalSection
	GlobalSection(ProjectConfigurationPlatforms) = postSolution
		{47125083-D88E-4DA5-9FE2-D099EB17B212}.Debug|Any CPU.ActiveCfg = Debug|Any CPU
		{47125083-D88E-4DA5-9FE2-D099EB17B212}.Debug|Any CPU.Build.0 = Debug|Any CPU
		{47125083-D88E-4DA5-9FE2-D099EB17B212}.Release|Any CPU.ActiveCfg = Release|Any CPU
		{47125083-D88E-4DA5-9FE2-D099EB17B212}.Release|Any CPU.Build.0 = Release|Any CPU
		{EE1A2B54-5957-42AC-9A02-4D5D1233E994}.Debug|Any CPU.ActiveCfg = Debug|Any CPU
		{EE1A2B54-5957-42AC-9A02-4D5D1233E994}.Debug|Any CPU.Build.0 = Debug|Any CPU
		{EE1A2B54-5957-42AC-9A02-4D5D1233E994}.Release|Any CPU.ActiveCfg = Release|Any CPU
		{EE1A2B54-5957-42AC-9A02-4D5D1233E994}.Release|Any CPU.Build.0 = Release|Any CPU
		{148F33BF-F9C6-4F98-8E62-0211D34D7D3B}.Debug|Any CPU.ActiveCfg = Debug|Any CPU
		{148F33BF-F9C6-4F98-8E62-0211D34D7D3B}.Debug|Any CPU.Build.0 = Debug|Any CPU
		{148F33BF-F9C6-4F98-8E62-0211D34D7D3B}.Release|Any CPU.ActiveCfg = Release|Any CPU
		{148F33BF-F9C6-4F98-8E62-0211D34D7D3B}.Release|Any CPU.Build.0 = Release|Any CPU
	EndGlobalSection
	GlobalSection(SolutionProperties) = preSolution
		HideSolutionNode = FALSE
	EndGlobalSection
	GlobalSection(ExtensibilityGlobals) = postSolution
		SolutionGuid = {0D83720F-32A2-4D40-A377-12DF8951C484}
	EndGlobalSection
EndGlobal
